
Microsoft Visual Studio Solution File, Format Version 12.00
# Visual Studio Version 17
VisualStudioVersion = 17.9.34728.123
MinimumVisualStudioVersion = 10.0.40219.1
Project("{9A19103F-16F7-4668-BE54-9A1E7A4F7556}") = "TASON", "TASON\TASON.csproj", "{E18D260D-6357-4006-A68C-74B85A89C490}"
EndProject
Project("{2150E333-8FDC-42A3-9474-1A3956D46DE8}") = "Solution Items", "Solution Items", "{F06CB9F8-6B0B-4618-9A75-0D55176E837B}"
	ProjectSection(SolutionItems) = preProject
		.editorconfig = .editorconfig
	EndProjectSection
EndProject
Project("{9A19103F-16F7-4668-BE54-9A1E7A4F7556}") = "TASON.Test", "TASON.Test\TASON.Test.csproj", "{0E549D2F-8F01-4E23-AAE0-895C02413985}"
EndProject
Project("{9A19103F-16F7-4668-BE54-9A1E7A4F7556}") = "TASON.Types.SystemTextJson", "TASON.Types.SystemTextJson\TASON.Types.SystemTextJson.csproj", "{3217BAFC-E344-4074-93FA-09877CAB7BA2}"
EndProject
Global
	GlobalSection(SolutionConfigurationPlatforms) = preSolution
		Debug|Any CPU = Debug|Any CPU
		Release|Any CPU = Release|Any CPU
	EndGlobalSection
	GlobalSection(ProjectConfigurationPlatforms) = postSolution
		{E18D260D-6357-4006-A68C-74B85A89C490}.Debug|Any CPU.ActiveCfg = Debug|Any CPU
		{E18D260D-6357-4006-A68C-74B85A89C490}.Debug|Any CPU.Build.0 = Debug|Any CPU
		{E18D260D-6357-4006-A68C-74B85A89C490}.Release|Any CPU.ActiveCfg = Release|Any CPU
		{E18D260D-6357-4006-A68C-74B85A89C490}.Release|Any CPU.Build.0 = Release|Any CPU
		{0E549D2F-8F01-4E23-AAE0-895C02413985}.Debug|Any CPU.ActiveCfg = Debug|Any CPU
		{0E549D2F-8F01-4E23-AAE0-895C02413985}.Debug|Any CPU.Build.0 = Debug|Any CPU
		{0E549D2F-8F01-4E23-AAE0-895C02413985}.Release|Any CPU.ActiveCfg = Release|Any CPU
		{0E549D2F-8F01-4E23-AAE0-895C02413985}.Release|Any CPU.Build.0 = Release|Any CPU
		{3217BAFC-E344-4074-93FA-09877CAB7BA2}.Debug|Any CPU.ActiveCfg = Debug|Any CPU
		{3217BAFC-E344-4074-93FA-09877CAB7BA2}.Debug|Any CPU.Build.0 = Debug|Any CPU
		{3217BAFC-E344-4074-93FA-09877CAB7BA2}.Release|Any CPU.ActiveCfg = Release|Any CPU
		{3217BAFC-E344-4074-93FA-09877CAB7BA2}.Release|Any CPU.Build.0 = Release|Any CPU
	EndGlobalSection
	GlobalSection(SolutionProperties) = preSolution
		HideSolutionNode = FALSE
	EndGlobalSection
	GlobalSection(ExtensibilityGlobals) = postSolution
		SolutionGuid = {F1EE5473-C1C6-4678-BD8A-B32A0E6642E3}
	EndGlobalSection
EndGlobal
